// !$*UTF8*$!
{
	archiveVersion = 1;
	classes = {
	};
	objectVersion = 55;
	objects = {

/* Begin PBXBuildFile section */
		C34631A5272EBA6200949D5A /* AppDelegate.swift in Sources */ = {isa = PBXBuildFile; fileRef = C34631A4272EBA6200949D5A /* AppDelegate.swift */; };
		C34631A7272EBA6200949D5A /* SceneDelegate.swift in Sources */ = {isa = PBXBuildFile; fileRef = C34631A6272EBA6200949D5A /* SceneDelegate.swift */; };
		C34631A9272EBA6200949D5A /* ViewController.swift in Sources */ = {isa = PBXBuildFile; fileRef = C34631A8272EBA6200949D5A /* ViewController.swift */; };
		C34631AC272EBA6200949D5A /* Main.storyboard in Resources */ = {isa = PBXBuildFile; fileRef = C34631AA272EBA6200949D5A /* Main.storyboard */; };
		C34631AE272EBA6300949D5A /* Assets.xcassets in Resources */ = {isa = PBXBuildFile; fileRef = C34631AD272EBA6300949D5A /* Assets.xcassets */; };
		C34631B1272EBA6300949D5A /* LaunchScreen.storyboard in Resources */ = {isa = PBXBuildFile; fileRef = C34631AF272EBA6300949D5A /* LaunchScreen.storyboard */; };
		C34631BC272EBA6300949D5A /* Messenger_AppTests.swift in Sources */ = {isa = PBXBuildFile; fileRef = C34631BB272EBA6300949D5A /* Messenger_AppTests.swift */; };
		C34631C6272EBA6300949D5A /* Messenger_AppUITests.swift in Sources */ = {isa = PBXBuildFile; fileRef = C34631C5272EBA6300949D5A /* Messenger_AppUITests.swift */; };
		C34631C8272EBA6300949D5A /* Messenger_AppUITestsLaunchTests.swift in Sources */ = {isa = PBXBuildFile; fileRef = C34631C7272EBA6300949D5A /* Messenger_AppUITestsLaunchTests.swift */; };
		C34631DC272EC11B00949D5A /* LoginViewController.swift in Sources */ = {isa = PBXBuildFile; fileRef = C34631DB272EC11B00949D5A /* LoginViewController.swift */; };
		C34631DE272EC14500949D5A /* RegisterViewController.swift in Sources */ = {isa = PBXBuildFile; fileRef = C34631DD272EC14500949D5A /* RegisterViewController.swift */; };
		C34631E0272EC15D00949D5A /* NewConversationViewController.swift in Sources */ = {isa = PBXBuildFile; fileRef = C34631DF272EC15D00949D5A /* NewConversationViewController.swift */; };
		C34631E2272EC16B00949D5A /* ConversationViewController.swift in Sources */ = {isa = PBXBuildFile; fileRef = C34631E1272EC16B00949D5A /* ConversationViewController.swift */; };
		C34631E4272EC18800949D5A /* ProfileViewController.swift in Sources */ = {isa = PBXBuildFile; fileRef = C34631E3272EC18800949D5A /* ProfileViewController.swift */; };
/* End PBXBuildFile section */

/* Begin PBXContainerItemProxy section */
		C34631B8272EBA6300949D5A /* PBXContainerItemProxy */ = {
			isa = PBXContainerItemProxy;
			containerPortal = C3463199272EBA6200949D5A /* Project object */;
			proxyType = 1;
			remoteGlobalIDString = C34631A0272EBA6200949D5A;
			remoteInfo = "Messenger-App";
		};
		C34631C2272EBA6300949D5A /* PBXContainerItemProxy */ = {
			isa = PBXContainerItemProxy;
			containerPortal = C3463199272EBA6200949D5A /* Project object */;
			proxyType = 1;
			remoteGlobalIDString = C34631A0272EBA6200949D5A;
			remoteInfo = "Messenger-App";
		};
/* End PBXContainerItemProxy section */

/* Begin PBXFileReference section */
		C34631A1272EBA6200949D5A /* Messenger-App.app */ = {isa = PBXFileReference; explicitFileType = wrapper.application; includeInIndex = 0; path = "Messenger-App.app"; sourceTree = BUILT_PRODUCTS_DIR; };
		C34631A4272EBA6200949D5A /* AppDelegate.swift */ = {isa = PBXFileReference; lastKnownFileType = sourcecode.swift; path = AppDelegate.swift; sourceTree = "<group>"; };
		C34631A6272EBA6200949D5A /* SceneDelegate.swift */ = {isa = PBXFileReference; lastKnownFileType = sourcecode.swift; path = SceneDelegate.swift; sourceTree = "<group>"; };
		C34631A8272EBA6200949D5A /* ViewController.swift */ = {isa = PBXFileReference; lastKnownFileType = sourcecode.swift; path = ViewController.swift; sourceTree = "<group>"; };
		C34631AB272EBA6200949D5A /* Base */ = {isa = PBXFileReference; lastKnownFileType = file.storyboard; name = Base; path = Base.lproj/Main.storyboard; sourceTree = "<group>"; };
		C34631AD272EBA6300949D5A /* Assets.xcassets */ = {isa = PBXFileReference; lastKnownFileType = folder.assetcatalog; path = Assets.xcassets; sourceTree = "<group>"; };
		C34631B0272EBA6300949D5A /* Base */ = {isa = PBXFileReference; lastKnownFileType = file.storyboard; name = Base; path = Base.lproj/LaunchScreen.storyboard; sourceTree = "<group>"; };
		C34631B2272EBA6300949D5A /* Info.plist */ = {isa = PBXFileReference; lastKnownFileType = text.plist.xml; path = Info.plist; sourceTree = "<group>"; };
		C34631B7272EBA6300949D5A /* Messenger-AppTests.xctest */ = {isa = PBXFileReference; explicitFileType = wrapper.cfbundle; includeInIndex = 0; path = "Messenger-AppTests.xctest"; sourceTree = BUILT_PRODUCTS_DIR; };
		C34631BB272EBA6300949D5A /* Messenger_AppTests.swift */ = {isa = PBXFileReference; lastKnownFileType = sourcecode.swift; path = Messenger_AppTests.swift; sourceTree = "<group>"; };
		C34631C1272EBA6300949D5A /* Messenger-AppUITests.xctest */ = {isa = PBXFileReference; explicitFileType = wrapper.cfbundle; includeInIndex = 0; path = "Messenger-AppUITests.xctest"; sourceTree = BUILT_PRODUCTS_DIR; };
		C34631C5272EBA6300949D5A /* Messenger_AppUITests.swift */ = {isa = PBXFileReference; lastKnownFileType = sourcecode.swift; path = Messenger_AppUITests.swift; sourceTree = "<group>"; };
		C34631C7272EBA6300949D5A /* Messenger_AppUITestsLaunchTests.swift */ = {isa = PBXFileReference; lastKnownFileType = sourcecode.swift; path = Messenger_AppUITestsLaunchTests.swift; sourceTree = "<group>"; };
		C34631DB272EC11B00949D5A /* LoginViewController.swift */ = {isa = PBXFileReference; lastKnownFileType = sourcecode.swift; path = LoginViewController.swift; sourceTree = "<group>"; };
		C34631DD272EC14500949D5A /* RegisterViewController.swift */ = {isa = PBXFileReference; lastKnownFileType = sourcecode.swift; path = RegisterViewController.swift; sourceTree = "<group>"; };
		C34631DF272EC15D00949D5A /* NewConversationViewController.swift */ = {isa = PBXFileReference; lastKnownFileType = sourcecode.swift; path = NewConversationViewController.swift; sourceTree = "<group>"; };
		C34631E1272EC16B00949D5A /* ConversationViewController.swift */ = {isa = PBXFileReference; lastKnownFileType = sourcecode.swift; path = ConversationViewController.swift; sourceTree = "<group>"; };
		C34631E3272EC18800949D5A /* ProfileViewController.swift */ = {isa = PBXFileReference; lastKnownFileType = sourcecode.swift; path = ProfileViewController.swift; sourceTree = "<group>"; };
/* End PBXFileReference section */

/* Begin PBXFrameworksBuildPhase section */
		C346319E272EBA6200949D5A /* Frameworks */ = {
			isa = PBXFrameworksBuildPhase;
			buildActionMask = 2147483647;
			files = (
			);
			runOnlyForDeploymentPostprocessing = 0;
		};
		C34631B4272EBA6300949D5A /* Frameworks */ = {
			isa = PBXFrameworksBuildPhase;
			buildActionMask = 2147483647;
			files = (
			);
			runOnlyForDeploymentPostprocessing = 0;
		};
		C34631BE272EBA6300949D5A /* Frameworks */ = {
			isa = PBXFrameworksBuildPhase;
			buildActionMask = 2147483647;
			files = (
			);
			runOnlyForDeploymentPostprocessing = 0;
		};
/* End PBXFrameworksBuildPhase section */

/* Begin PBXGroup section */
		C3463198272EBA6200949D5A = {
			isa = PBXGroup;
			children = (
				C34631A3272EBA6200949D5A /* Messenger-App */,
				C34631BA272EBA6300949D5A /* Messenger-AppTests */,
				C34631C4272EBA6300949D5A /* Messenger-AppUITests */,
				C34631A2272EBA6200949D5A /* Products */,
			);
			sourceTree = "<group>";
		};
		C34631A2272EBA6200949D5A /* Products */ = {
			isa = PBXGroup;
			children = (
				C34631A1272EBA6200949D5A /* Messenger-App.app */,
				C34631B7272EBA6300949D5A /* Messenger-AppTests.xctest */,
				C34631C1272EBA6300949D5A /* Messenger-AppUITests.xctest */,
			);
			name = Products;
			sourceTree = "<group>";
		};
		C34631A3272EBA6200949D5A /* Messenger-App */ = {
			isa = PBXGroup;
			children = (
				C34631D4272EBFF800949D5A /* Resources */,
				C34631A4272EBA6200949D5A /* AppDelegate.swift */,
				C34631A6272EBA6200949D5A /* SceneDelegate.swift */,
				C34631A8272EBA6200949D5A /* ViewController.swift */,
				C34631D5272EC01500949D5A /* Views */,
				C34631AD272EBA6300949D5A /* Assets.xcassets */,
				C34631D6272EC02400949D5A /* Controllers */,
				C34631E5272EC19100949D5A /* Models */,
				C34631B2272EBA6300949D5A /* Info.plist */,
			);
			path = "Messenger-App";
			sourceTree = "<group>";
		};
		C34631BA272EBA6300949D5A /* Messenger-AppTests */ = {
			isa = PBXGroup;
			children = (
				C34631BB272EBA6300949D5A /* Messenger_AppTests.swift */,
			);
			path = "Messenger-AppTests";
			sourceTree = "<group>";
		};
		C34631C4272EBA6300949D5A /* Messenger-AppUITests */ = {
			isa = PBXGroup;
			children = (
				C34631C5272EBA6300949D5A /* Messenger_AppUITests.swift */,
				C34631C7272EBA6300949D5A /* Messenger_AppUITestsLaunchTests.swift */,
			);
			path = "Messenger-AppUITests";
			sourceTree = "<group>";
		};
		C34631D4272EBFF800949D5A /* Resources */ = {
			isa = PBXGroup;
			children = (
			);
			path = Resources;
			sourceTree = "<group>";
		};
		C34631D5272EC01500949D5A /* Views */ = {
			isa = PBXGroup;
			children = (
				C34631D7272EC06700949D5A /* Storyboards */,
			);
			path = Views;
			sourceTree = "<group>";
		};
		C34631D6272EC02400949D5A /* Controllers */ = {
			isa = PBXGroup;
			children = (
				C34631DA272EC10300949D5A /* Profile */,
				C34631D9272EC0EC00949D5A /* Conversation */,
				C34631D8272EC0CB00949D5A /* Authentication */,
			);
			path = Controllers;
			sourceTree = "<group>";
		};
		C34631D7272EC06700949D5A /* Storyboards */ = {
			isa = PBXGroup;
			children = (
				C34631AA272EBA6200949D5A /* Main.storyboard */,
				C34631AF272EBA6300949D5A /* LaunchScreen.storyboard */,
			);
			path = Storyboards;
			sourceTree = "<group>";
		};
		C34631D8272EC0CB00949D5A /* Authentication */ = {
			isa = PBXGroup;
			children = (
				C34631DB272EC11B00949D5A /* LoginViewController.swift */,
				C34631DD272EC14500949D5A /* RegisterViewController.swift */,
			);
			path = Authentication;
			sourceTree = "<group>";
		};
		C34631D9272EC0EC00949D5A /* Conversation */ = {
			isa = PBXGroup;
			children = (
				C34631DF272EC15D00949D5A /* NewConversationViewController.swift */,
				C34631E1272EC16B00949D5A /* ConversationViewController.swift */,
			);
			path = Conversation;
			sourceTree = "<group>";
		};
		C34631DA272EC10300949D5A /* Profile */ = {
			isa = PBXGroup;
			children = (
				C34631E3272EC18800949D5A /* ProfileViewController.swift */,
			);
			path = Profile;
			sourceTree = "<group>";
		};
		C34631E5272EC19100949D5A /* Models */ = {
			isa = PBXGroup;
			children = (
			);
			path = Models;
			sourceTree = "<group>";
		};
/* End PBXGroup section */

/* Begin PBXNativeTarget section */
		C34631A0272EBA6200949D5A /* Messenger-App */ = {
			isa = PBXNativeTarget;
			buildConfigurationList = C34631CB272EBA6300949D5A /* Build configuration list for PBXNativeTarget "Messenger-App" */;
			buildPhases = (
				C346319D272EBA6200949D5A /* Sources */,
				C346319E272EBA6200949D5A /* Frameworks */,
				C346319F272EBA6200949D5A /* Resources */,
			);
			buildRules = (
			);
			dependencies = (
			);
			name = "Messenger-App";
			productName = "Messenger-App";
			productReference = C34631A1272EBA6200949D5A /* Messenger-App.app */;
			productType = "com.apple.product-type.application";
		};
		C34631B6272EBA6300949D5A /* Messenger-AppTests */ = {
			isa = PBXNativeTarget;
			buildConfigurationList = C34631CE272EBA6300949D5A /* Build configuration list for PBXNativeTarget "Messenger-AppTests" */;
			buildPhases = (
				C34631B3272EBA6300949D5A /* Sources */,
				C34631B4272EBA6300949D5A /* Frameworks */,
				C34631B5272EBA6300949D5A /* Resources */,
			);
			buildRules = (
			);
			dependencies = (
				C34631B9272EBA6300949D5A /* PBXTargetDependency */,
			);
			name = "Messenger-AppTests";
			productName = "Messenger-AppTests";
			productReference = C34631B7272EBA6300949D5A /* Messenger-AppTests.xctest */;
			productType = "com.apple.product-type.bundle.unit-test";
		};
		C34631C0272EBA6300949D5A /* Messenger-AppUITests */ = {
			isa = PBXNativeTarget;
			buildConfigurationList = C34631D1272EBA6300949D5A /* Build configuration list for PBXNativeTarget "Messenger-AppUITests" */;
			buildPhases = (
				C34631BD272EBA6300949D5A /* Sources */,
				C34631BE272EBA6300949D5A /* Frameworks */,
				C34631BF272EBA6300949D5A /* Resources */,
			);
			buildRules = (
			);
			dependencies = (
				C34631C3272EBA6300949D5A /* PBXTargetDependency */,
			);
			name = "Messenger-AppUITests";
			productName = "Messenger-AppUITests";
			productReference = C34631C1272EBA6300949D5A /* Messenger-AppUITests.xctest */;
			productType = "com.apple.product-type.bundle.ui-testing";
		};
/* End PBXNativeTarget section */

/* Begin PBXProject section */
		C3463199272EBA6200949D5A /* Project object */ = {
			isa = PBXProject;
			attributes = {
				BuildIndependentTargetsInParallel = 1;
				LastSwiftUpdateCheck = 1300;
				LastUpgradeCheck = 1300;
				TargetAttributes = {
					C34631A0272EBA6200949D5A = {
						CreatedOnToolsVersion = 13.0;
					};
					C34631B6272EBA6300949D5A = {
						CreatedOnToolsVersion = 13.0;
						TestTargetID = C34631A0272EBA6200949D5A;
					};
					C34631C0272EBA6300949D5A = {
						CreatedOnToolsVersion = 13.0;
						TestTargetID = C34631A0272EBA6200949D5A;
					};
				};
			};
			buildConfigurationList = C346319C272EBA6200949D5A /* Build configuration list for PBXProject "Messenger-App" */;
			compatibilityVersion = "Xcode 13.0";
			developmentRegion = en;
			hasScannedForEncodings = 0;
			knownRegions = (
				en,
				Base,
			);
			mainGroup = C3463198272EBA6200949D5A;
			productRefGroup = C34631A2272EBA6200949D5A /* Products */;
			projectDirPath = "";
			projectRoot = "";
			targets = (
				C34631A0272EBA6200949D5A /* Messenger-App */,
				C34631B6272EBA6300949D5A /* Messenger-AppTests */,
				C34631C0272EBA6300949D5A /* Messenger-AppUITests */,
			);
		};
/* End PBXProject section */

/* Begin PBXResourcesBuildPhase section */
		C346319F272EBA6200949D5A /* Resources */ = {
			isa = PBXResourcesBuildPhase;
			buildActionMask = 2147483647;
			files = (
				C34631B1272EBA6300949D5A /* LaunchScreen.storyboard in Resources */,
				C34631AE272EBA6300949D5A /* Assets.xcassets in Resources */,
				C34631AC272EBA6200949D5A /* Main.storyboard in Resources */,
			);
			runOnlyForDeploymentPostprocessing = 0;
		};
		C34631B5272EBA6300949D5A /* Resources */ = {
			isa = PBXResourcesBuildPhase;
			buildActionMask = 2147483647;
			files = (
			);
			runOnlyForDeploymentPostprocessing = 0;
		};
		C34631BF272EBA6300949D5A /* Resources */ = {
			isa = PBXResourcesBuildPhase;
			buildActionMask = 2147483647;
			files = (
			);
			runOnlyForDeploymentPostprocessing = 0;
		};
/* End PBXResourcesBuildPhase section */

/* Begin PBXSourcesBuildPhase section */
		C346319D272EBA6200949D5A /* Sources */ = {
			isa = PBXSourcesBuildPhase;
			buildActionMask = 2147483647;
			files = (
				C34631E2272EC16B00949D5A /* ConversationViewController.swift in Sources */,
				C34631E0272EC15D00949D5A /* NewConversationViewController.swift in Sources */,
				C34631A9272EBA6200949D5A /* ViewController.swift in Sources */,
				C34631DE272EC14500949D5A /* RegisterViewController.swift in Sources */,
				C34631DC272EC11B00949D5A /* LoginViewController.swift in Sources */,
				C34631A5272EBA6200949D5A /* AppDelegate.swift in Sources */,
				C34631E4272EC18800949D5A /* ProfileViewController.swift in Sources */,
				C34631A7272EBA6200949D5A /* SceneDelegate.swift in Sources */,
			);
			runOnlyForDeploymentPostprocessing = 0;
		};
		C34631B3272EBA6300949D5A /* Sources */ = {
			isa = PBXSourcesBuildPhase;
			buildActionMask = 2147483647;
			files = (
				C34631BC272EBA6300949D5A /* Messenger_AppTests.swift in Sources */,
			);
			runOnlyForDeploymentPostprocessing = 0;
		};
		C34631BD272EBA6300949D5A /* Sources */ = {
			isa = PBXSourcesBuildPhase;
			buildActionMask = 2147483647;
			files = (
				C34631C8272EBA6300949D5A /* Messenger_AppUITestsLaunchTests.swift in Sources */,
				C34631C6272EBA6300949D5A /* Messenger_AppUITests.swift in Sources */,
			);
			runOnlyForDeploymentPostprocessing = 0;
		};
/* End PBXSourcesBuildPhase section */

/* Begin PBXTargetDependency section */
		C34631B9272EBA6300949D5A /* PBXTargetDependency */ = {
			isa = PBXTargetDependency;
			target = C34631A0272EBA6200949D5A /* Messenger-App */;
			targetProxy = C34631B8272EBA6300949D5A /* PBXContainerItemProxy */;
		};
		C34631C3272EBA6300949D5A /* PBXTargetDependency */ = {
			isa = PBXTargetDependency;
			target = C34631A0272EBA6200949D5A /* Messenger-App */;
			targetProxy = C34631C2272EBA6300949D5A /* PBXContainerItemProxy */;
		};
/* End PBXTargetDependency section */

/* Begin PBXVariantGroup section */
		C34631AA272EBA6200949D5A /* Main.storyboard */ = {
			isa = PBXVariantGroup;
			children = (
				C34631AB272EBA6200949D5A /* Base */,
			);
			name = Main.storyboard;
			sourceTree = "<group>";
		};
		C34631AF272EBA6300949D5A /* LaunchScreen.storyboard */ = {
			isa = PBXVariantGroup;
			children = (
				C34631B0272EBA6300949D5A /* Base */,
			);
			name = LaunchScreen.storyboard;
			sourceTree = "<group>";
		};
/* End PBXVariantGroup section */

/* Begin XCBuildConfiguration section */
		C34631C9272EBA6300949D5A /* Debug */ = {
			isa = XCBuildConfiguration;
			buildSettings = {
				ALWAYS_SEARCH_USER_PATHS = NO;
				CLANG_ANALYZER_NONNULL = YES;
				CLANG_ANALYZER_NUMBER_OBJECT_CONVERSION = YES_AGGRESSIVE;
				CLANG_CXX_LANGUAGE_STANDARD = "gnu++17";
				CLANG_CXX_LIBRARY = "libc++";
				CLANG_ENABLE_MODULES = YES;
				CLANG_ENABLE_OBJC_ARC = YES;
				CLANG_ENABLE_OBJC_WEAK = YES;
				CLANG_WARN_BLOCK_CAPTURE_AUTORELEASING = YES;
				CLANG_WARN_BOOL_CONVERSION = YES;
				CLANG_WARN_COMMA = YES;
				CLANG_WARN_CONSTANT_CONVERSION = YES;
				CLANG_WARN_DEPRECATED_OBJC_IMPLEMENTATIONS = YES;
				CLANG_WARN_DIRECT_OBJC_ISA_USAGE = YES_ERROR;
				CLANG_WARN_DOCUMENTATION_COMMENTS = YES;
				CLANG_WARN_EMPTY_BODY = YES;
				CLANG_WARN_ENUM_CONVERSION = YES;
				CLANG_WARN_INFINITE_RECURSION = YES;
				CLANG_WARN_INT_CONVERSION = YES;
				CLANG_WARN_NON_LITERAL_NULL_CONVERSION = YES;
				CLANG_WARN_OBJC_IMPLICIT_RETAIN_SELF = YES;
				CLANG_WARN_OBJC_LITERAL_CONVERSION = YES;
				CLANG_WARN_OBJC_ROOT_CLASS = YES_ERROR;
				CLANG_WARN_QUOTED_INCLUDE_IN_FRAMEWORK_HEADER = YES;
				CLANG_WARN_RANGE_LOOP_ANALYSIS = YES;
				CLANG_WARN_STRICT_PROTOTYPES = YES;
				CLANG_WARN_SUSPICIOUS_MOVE = YES;
				CLANG_WARN_UNGUARDED_AVAILABILITY = YES_AGGRESSIVE;
				CLANG_WARN_UNREACHABLE_CODE = YES;
				CLANG_WARN__DUPLICATE_METHOD_MATCH = YES;
				COPY_PHASE_STRIP = NO;
				DEBUG_INFORMATION_FORMAT = dwarf;
				ENABLE_STRICT_OBJC_MSGSEND = YES;
				ENABLE_TESTABILITY = YES;
				GCC_C_LANGUAGE_STANDARD = gnu11;
				GCC_DYNAMIC_NO_PIC = NO;
				GCC_NO_COMMON_BLOCKS = YES;
				GCC_OPTIMIZATION_LEVEL = 0;
				GCC_PREPROCESSOR_DEFINITIONS = (
					"DEBUG=1",
					"$(inherited)",
				);
				GCC_WARN_64_TO_32_BIT_CONVERSION = YES;
				GCC_WARN_ABOUT_RETURN_TYPE = YES_ERROR;
				GCC_WARN_UNDECLARED_SELECTOR = YES;
				GCC_WARN_UNINITIALIZED_AUTOS = YES_AGGRESSIVE;
				GCC_WARN_UNUSED_FUNCTION = YES;
				GCC_WARN_UNUSED_VARIABLE = YES;
				IPHONEOS_DEPLOYMENT_TARGET = 15.0;
				MTL_ENABLE_DEBUG_INFO = INCLUDE_SOURCE;
				MTL_FAST_MATH = YES;
				ONLY_ACTIVE_ARCH = YES;
				SDKROOT = iphoneos;
				SWIFT_ACTIVE_COMPILATION_CONDITIONS = DEBUG;
				SWIFT_OPTIMIZATION_LEVEL = "-Onone";
			};
			name = Debug;
		};
		C34631CA272EBA6300949D5A /* Release */ = {
			isa = XCBuildConfiguration;
			buildSettings = {
				ALWAYS_SEARCH_USER_PATHS = NO;
				CLANG_ANALYZER_NONNULL = YES;
				CLANG_ANALYZER_NUMBER_OBJECT_CONVERSION = YES_AGGRESSIVE;
				CLANG_CXX_LANGUAGE_STANDARD = "gnu++17";
				CLANG_CXX_LIBRARY = "libc++";
				CLANG_ENABLE_MODULES = YES;
				CLANG_ENABLE_OBJC_ARC = YES;
				CLANG_ENABLE_OBJC_WEAK = YES;
				CLANG_WARN_BLOCK_CAPTURE_AUTORELEASING = YES;
				CLANG_WARN_BOOL_CONVERSION = YES;
				CLANG_WARN_COMMA = YES;
				CLANG_WARN_CONSTANT_CONVERSION = YES;
				CLANG_WARN_DEPRECATED_OBJC_IMPLEMENTATIONS = YES;
				CLANG_WARN_DIRECT_OBJC_ISA_USAGE = YES_ERROR;
				CLANG_WARN_DOCUMENTATION_COMMENTS = YES;
				CLANG_WARN_EMPTY_BODY = YES;
				CLANG_WARN_ENUM_CONVERSION = YES;
				CLANG_WARN_INFINITE_RECURSION = YES;
				CLANG_WARN_INT_CONVERSION = YES;
				CLANG_WARN_NON_LITERAL_NULL_CONVERSION = YES;
				CLANG_WARN_OBJC_IMPLICIT_RETAIN_SELF = YES;
				CLANG_WARN_OBJC_LITERAL_CONVERSION = YES;
				CLANG_WARN_OBJC_ROOT_CLASS = YES_ERROR;
				CLANG_WARN_QUOTED_INCLUDE_IN_FRAMEWORK_HEADER = YES;
				CLANG_WARN_RANGE_LOOP_ANALYSIS = YES;
				CLANG_WARN_STRICT_PROTOTYPES = YES;
				CLANG_WARN_SUSPICIOUS_MOVE = YES;
				CLANG_WARN_UNGUARDED_AVAILABILITY = YES_AGGRESSIVE;
				CLANG_WARN_UNREACHABLE_CODE = YES;
				CLANG_WARN__DUPLICATE_METHOD_MATCH = YES;
				COPY_PHASE_STRIP = NO;
				DEBUG_INFORMATION_FORMAT = "dwarf-with-dsym";
				ENABLE_NS_ASSERTIONS = NO;
				ENABLE_STRICT_OBJC_MSGSEND = YES;
				GCC_C_LANGUAGE_STANDARD = gnu11;
				GCC_NO_COMMON_BLOCKS = YES;
				GCC_WARN_64_TO_32_BIT_CONVERSION = YES;
				GCC_WARN_ABOUT_RETURN_TYPE = YES_ERROR;
				GCC_WARN_UNDECLARED_SELECTOR = YES;
				GCC_WARN_UNINITIALIZED_AUTOS = YES_AGGRESSIVE;
				GCC_WARN_UNUSED_FUNCTION = YES;
				GCC_WARN_UNUSED_VARIABLE = YES;
				IPHONEOS_DEPLOYMENT_TARGET = 15.0;
				MTL_ENABLE_DEBUG_INFO = NO;
				MTL_FAST_MATH = YES;
				SDKROOT = iphoneos;
				SWIFT_COMPILATION_MODE = wholemodule;
				SWIFT_OPTIMIZATION_LEVEL = "-O";
				VALIDATE_PRODUCT = YES;
			};
			name = Release;
		};
		C34631CC272EBA6300949D5A /* Debug */ = {
			isa = XCBuildConfiguration;
			buildSettings = {
				ASSETCATALOG_COMPILER_APPICON_NAME = AppIcon;
				ASSETCATALOG_COMPILER_GLOBAL_ACCENT_COLOR_NAME = AccentColor;
				CODE_SIGN_STYLE = Automatic;
				CURRENT_PROJECT_VERSION = 1;
				DEVELOPMENT_TEAM = A9RD97X9N6;
				GENERATE_INFOPLIST_FILE = YES;
				INFOPLIST_FILE = "Messenger-App/Info.plist";
				INFOPLIST_KEY_UIApplicationSupportsIndirectInputEvents = YES;
				INFOPLIST_KEY_UILaunchStoryboardName = LaunchScreen;
				INFOPLIST_KEY_UIMainStoryboardFile = Main;
				INFOPLIST_KEY_UISupportedInterfaceOrientations_iPad = "UIInterfaceOrientationPortrait UIInterfaceOrientationPortraitUpsideDown UIInterfaceOrientationLandscapeLeft UIInterfaceOrientationLandscapeRight";
				INFOPLIST_KEY_UISupportedInterfaceOrientations_iPhone = "UIInterfaceOrientationPortrait UIInterfaceOrientationLandscapeLeft UIInterfaceOrientationLandscapeRight";
				LD_RUNPATH_SEARCH_PATHS = (
					"$(inherited)",
					"@executable_path/Frameworks",
				);
				MARKETING_VERSION = 1.0;
				PRODUCT_BUNDLE_IDENTIFIER = "com.saad.Messenger-App";
				PRODUCT_NAME = "$(TARGET_NAME)";
				SWIFT_EMIT_LOC_STRINGS = YES;
				SWIFT_VERSION = 5.0;
				TARGETED_DEVICE_FAMILY = "1,2";
			};
			name = Debug;
		};
		C34631CD272EBA6300949D5A /* Release */ = {
			isa = XCBuildConfiguration;
			buildSettings = {
				ASSETCATALOG_COMPILER_APPICON_NAME = AppIcon;
				ASSETCATALOG_COMPILER_GLOBAL_ACCENT_COLOR_NAME = AccentColor;
				CODE_SIGN_STYLE = Automatic;
				CURRENT_PROJECT_VERSION = 1;
				DEVELOPMENT_TEAM = A9RD97X9N6;
				GENERATE_INFOPLIST_FILE = YES;
				INFOPLIST_FILE = "Messenger-App/Info.plist";
				INFOPLIST_KEY_UIApplicationSupportsIndirectInputEvents = YES;
				INFOPLIST_KEY_UILaunchStoryboardName = LaunchScreen;
				INFOPLIST_KEY_UIMainStoryboardFile = Main;
				INFOPLIST_KEY_UISupportedInterfaceOrientations_iPad = "UIInterfaceOrientationPortrait UIInterfaceOrientationPortraitUpsideDown UIInterfaceOrientationLandscapeLeft UIInterfaceOrientationLandscapeRight";
				INFOPLIST_KEY_UISupportedInterfaceOrientations_iPhone = "UIInterfaceOrientationPortrait UIInterfaceOrientationLandscapeLeft UIInterfaceOrientationLandscapeRight";
				LD_RUNPATH_SEARCH_PATHS = (
					"$(inherited)",
					"@executable_path/Frameworks",
				);
				MARKETING_VERSION = 1.0;
				PRODUCT_BUNDLE_IDENTIFIER = "com.saad.Messenger-App";
				PRODUCT_NAME = "$(TARGET_NAME)";
				SWIFT_EMIT_LOC_STRINGS = YES;
				SWIFT_VERSION = 5.0;
				TARGETED_DEVICE_FAMILY = "1,2";
			};
			name = Release;
		};
		C34631CF272EBA6300949D5A /* Debug */ = {
			isa = XCBuildConfiguration;
			buildSettings = {
				ALWAYS_EMBED_SWIFT_STANDARD_LIBRARIES = YES;
				BUNDLE_LOADER = "$(TEST_HOST)";
				CODE_SIGN_STYLE = Automatic;
				CURRENT_PROJECT_VERSION = 1;
				DEVELOPMENT_TEAM = A9RD97X9N6;
				GENERATE_INFOPLIST_FILE = YES;
				IPHONEOS_DEPLOYMENT_TARGET = 15.0;
				LD_RUNPATH_SEARCH_PATHS = (
					"$(inherited)",
					"@executable_path/Frameworks",
					"@loader_path/Frameworks",
				);
				MARKETING_VERSION = 1.0;
				PRODUCT_BUNDLE_IDENTIFIER = "com.saad.Messenger-AppTests";
				PRODUCT_NAME = "$(TARGET_NAME)";
				SWIFT_EMIT_LOC_STRINGS = NO;
				SWIFT_VERSION = 5.0;
				TARGETED_DEVICE_FAMILY = "1,2";
				TEST_HOST = "$(BUILT_PRODUCTS_DIR)/Messenger-App.app/Messenger-App";
			};
			name = Debug;
		};
		C34631D0272EBA6300949D5A /* Release */ = {
			isa = XCBuildConfiguration;
			buildSettings = {
				ALWAYS_EMBED_SWIFT_STANDARD_LIBRARIES = YES;
				BUNDLE_LOADER = "$(TEST_HOST)";
				CODE_SIGN_STYLE = Automatic;
				CURRENT_PROJECT_VERSION = 1;
				DEVELOPMENT_TEAM = A9RD97X9N6;
				GENERATE_INFOPLIST_FILE = YES;
				IPHONEOS_DEPLOYMENT_TARGET = 15.0;
				LD_RUNPATH_SEARCH_PATHS = (
					"$(inherited)",
					"@executable_path/Frameworks",
					"@loader_path/Frameworks",
				);
				MARKETING_VERSION = 1.0;
				PRODUCT_BUNDLE_IDENTIFIER = "com.saad.Messenger-AppTests";
				PRODUCT_NAME = "$(TARGET_NAME)";
				SWIFT_EMIT_LOC_STRINGS = NO;
				SWIFT_VERSION = 5.0;
				TARGETED_DEVICE_FAMILY = "1,2";
				TEST_HOST = "$(BUILT_PRODUCTS_DIR)/Messenger-App.app/Messenger-App";
			};
			name = Release;
		};
		C34631D2272EBA6300949D5A /* Debug */ = {
			isa = XCBuildConfiguration;
			buildSettings = {
				ALWAYS_EMBED_SWIFT_STANDARD_LIBRARIES = YES;
				CODE_SIGN_STYLE = Automatic;
				CURRENT_PROJECT_VERSION = 1;
				DEVELOPMENT_TEAM = A9RD97X9N6;
				GENERATE_INFOPLIST_FILE = YES;
				LD_RUNPATH_SEARCH_PATHS = (
					"$(inherited)",
					"@executable_path/Frameworks",
					"@loader_path/Frameworks",
				);
				MARKETING_VERSION = 1.0;
				PRODUCT_BUNDLE_IDENTIFIER = "com.saad.Messenger-AppUITests";
				PRODUCT_NAME = "$(TARGET_NAME)";
				SWIFT_EMIT_LOC_STRINGS = NO;
				SWIFT_VERSION = 5.0;
				TARGETED_DEVICE_FAMILY = "1,2";
				TEST_TARGET_NAME = "Messenger-App";
			};
			name = Debug;
		};
		C34631D3272EBA6300949D5A /* Release */ = {
			isa = XCBuildConfiguration;
			buildSettings = {
				ALWAYS_EMBED_SWIFT_STANDARD_LIBRARIES = YES;
				CODE_SIGN_STYLE = Automatic;
				CURRENT_PROJECT_VERSION = 1;
				DEVELOPMENT_TEAM = A9RD97X9N6;
				GENERATE_INFOPLIST_FILE = YES;
				LD_RUNPATH_SEARCH_PATHS = (
					"$(inherited)",
					"@executable_path/Frameworks",
					"@loader_path/Frameworks",
				);
				MARKETING_VERSION = 1.0;
				PRODUCT_BUNDLE_IDENTIFIER = "com.saad.Messenger-AppUITests";
				PRODUCT_NAME = "$(TARGET_NAME)";
				SWIFT_EMIT_LOC_STRINGS = NO;
				SWIFT_VERSION = 5.0;
				TARGETED_DEVICE_FAMILY = "1,2";
				TEST_TARGET_NAME = "Messenger-App";
			};
			name = Release;
		};
/* End XCBuildConfiguration section */

/* Begin XCConfigurationList section */
		C346319C272EBA6200949D5A /* Build configuration list for PBXProject "Messenger-App" */ = {
			isa = XCConfigurationList;
			buildConfigurations = (
				C34631C9272EBA6300949D5A /* Debug */,
				C34631CA272EBA6300949D5A /* Release */,
			);
			defaultConfigurationIsVisible = 0;
			defaultConfigurationName = Release;
		};
		C34631CB272EBA6300949D5A /* Build configuration list for PBXNativeTarget "Messenger-App" */ = {
			isa = XCConfigurationList;
			buildConfigurations = (
				C34631CC272EBA6300949D5A /* Debug */,
				C34631CD272EBA6300949D5A /* Release */,
			);
			defaultConfigurationIsVisible = 0;
			defaultConfigurationName = Release;
		};
		C34631CE272EBA6300949D5A /* Build configuration list for PBXNativeTarget "Messenger-AppTests" */ = {
			isa = XCConfigurationList;
			buildConfigurations = (
				C34631CF272EBA6300949D5A /* Debug */,
				C34631D0272EBA6300949D5A /* Release */,
			);
			defaultConfigurationIsVisible = 0;
			defaultConfigurationName = Release;
		};
		C34631D1272EBA6300949D5A /* Build configuration list for PBXNativeTarget "Messenger-AppUITests" */ = {
			isa = XCConfigurationList;
			buildConfigurations = (
				C34631D2272EBA6300949D5A /* Debug */,
				C34631D3272EBA6300949D5A /* Release */,
			);
			defaultConfigurationIsVisible = 0;
			defaultConfigurationName = Release;
		};
/* End XCConfigurationList section */
	};
	rootObject = C3463199272EBA6200949D5A /* Project object */;
}
