{
  "object": {
    "pins": [
      {
        "package": "Facebook",
        "repositoryURL": "https://github.com/facebook/facebook-ios-sdk",
        "state": {
          "branch": null,
          "revision": "c3d367656ae8ced1149c2c6a5e6b5dd91ecad63c",
          "version": "9.3.0"
        }
      },
      {
        "package": "InputBarAccessoryView",
        "repositoryURL": "https://github.com/nathantannar4/InputBarAccessoryView",
        "state": {
          "branch": null,
          "revision": "6d3d205f29b80f8fa9a9616ad801c488293242bf",
          "version": "5.4.0"
        }
      },
      {
        "package": "JGProgressHUD",
        "repositoryURL": "https://github.com/JonasGessner/JGProgressHUD",
        "state": {
          "branch": null,
          "revision": "78d7cd35f1d90ff74fd82e486f2cbe4b24be8cf9",
          "version": "2.2.0"
        }
      },
      {
        "package": "MessageKit",
        "repositoryURL": "https://github.com/MessageKit/MessageKit",
        "state": {
          "branch": null,
          "revision": "771ffe946acc495a79a122ded921f3460686ee04",
          "version": "3.7.0"
        }
      }
    ]
  },
  "version": 1
}
